
Microsoft Visual Studio Solution File, Format Version 12.00
# Visual Studio Version 16
VisualStudioVersion = 16.0.30621.155
MinimumVisualStudioVersion = 10.0.40219.1
Project("{FAE04EC0-301F-11D3-BF4B-00C04F79EFBC}") = "Gestion d'abscence", "Gestion d'abscence\Gestion d'abscence.csproj", "{AF51D52F-592D-4C81-A6DF-2694FE0EEF50}"
EndProject
Project("{FAE04EC0-301F-11D3-BF4B-00C04F79EFBC}") = "DAL", "DAL\DAL.csproj", "{2C98D07D-B8D8-4171-9D57-D38AB9F0831B}"
EndProject
Project("{FAE04EC0-301F-11D3-BF4B-00C04F79EFBC}") = "BLL", "BLL\BLL.csproj", "{6C4942AC-B258-4CCE-BE31-4678F0B63379}"
EndProject
Project("{FAE04EC0-301F-11D3-BF4B-00C04F79EFBC}") = "PL", "PL\PL.csproj", "{8AFE9277-E36D-4C37-9508-5F9486700C73}"
EndProject
Project("{FAE04EC0-301F-11D3-BF4B-00C04F79EFBC}") = "DTO", "DTO\DTO.csproj", "{0252D34C-D945-46B5-AFE2-C01463ACCB89}"
EndProject
Project("{FAE04EC0-301F-11D3-BF4B-00C04F79EFBC}") = "DB", "DB\DB.csproj", "{7B3D0295-51DB-43E2-8008-A55347C40362}"
EndProject
Global
	GlobalSection(SolutionConfigurationPlatforms) = preSolution
		Debug|Any CPU = Debug|Any CPU
		Release|Any CPU = Release|Any CPU
	EndGlobalSection
	GlobalSection(ProjectConfigurationPlatforms) = postSolution
		{AF51D52F-592D-4C81-A6DF-2694FE0EEF50}.Debug|Any CPU.ActiveCfg = Debug|Any CPU
		{AF51D52F-592D-4C81-A6DF-2694FE0EEF50}.Debug|Any CPU.Build.0 = Debug|Any CPU
		{AF51D52F-592D-4C81-A6DF-2694FE0EEF50}.Release|Any CPU.ActiveCfg = Release|Any CPU
		{AF51D52F-592D-4C81-A6DF-2694FE0EEF50}.Release|Any CPU.Build.0 = Release|Any CPU
		{2C98D07D-B8D8-4171-9D57-D38AB9F0831B}.Debug|Any CPU.ActiveCfg = Debug|Any CPU
		{2C98D07D-B8D8-4171-9D57-D38AB9F0831B}.Debug|Any CPU.Build.0 = Debug|Any CPU
		{2C98D07D-B8D8-4171-9D57-D38AB9F0831B}.Release|Any CPU.ActiveCfg = Release|Any CPU
		{2C98D07D-B8D8-4171-9D57-D38AB9F0831B}.Release|Any CPU.Build.0 = Release|Any CPU
		{6C4942AC-B258-4CCE-BE31-4678F0B63379}.Debug|Any CPU.ActiveCfg = Debug|Any CPU
		{6C4942AC-B258-4CCE-BE31-4678F0B63379}.Debug|Any CPU.Build.0 = Debug|Any CPU
		{6C4942AC-B258-4CCE-BE31-4678F0B63379}.Release|Any CPU.ActiveCfg = Release|Any CPU
		{6C4942AC-B258-4CCE-BE31-4678F0B63379}.Release|Any CPU.Build.0 = Release|Any CPU
		{8AFE9277-E36D-4C37-9508-5F9486700C73}.Debug|Any CPU.ActiveCfg = Debug|Any CPU
		{8AFE9277-E36D-4C37-9508-5F9486700C73}.Debug|Any CPU.Build.0 = Debug|Any CPU
		{8AFE9277-E36D-4C37-9508-5F9486700C73}.Release|Any CPU.ActiveCfg = Release|Any CPU
		{8AFE9277-E36D-4C37-9508-5F9486700C73}.Release|Any CPU.Build.0 = Release|Any CPU
		{0252D34C-D945-46B5-AFE2-C01463ACCB89}.Debug|Any CPU.ActiveCfg = Debug|Any CPU
		{0252D34C-D945-46B5-AFE2-C01463ACCB89}.Debug|Any CPU.Build.0 = Debug|Any CPU
		{0252D34C-D945-46B5-AFE2-C01463ACCB89}.Release|Any CPU.ActiveCfg = Release|Any CPU
		{0252D34C-D945-46B5-AFE2-C01463ACCB89}.Release|Any CPU.Build.0 = Release|Any CPU
		{7B3D0295-51DB-43E2-8008-A55347C40362}.Debug|Any CPU.ActiveCfg = Debug|Any CPU
		{7B3D0295-51DB-43E2-8008-A55347C40362}.Debug|Any CPU.Build.0 = Debug|Any CPU
		{7B3D0295-51DB-43E2-8008-A55347C40362}.Release|Any CPU.ActiveCfg = Release|Any CPU
		{7B3D0295-51DB-43E2-8008-A55347C40362}.Release|Any CPU.Build.0 = Release|Any CPU
	EndGlobalSection
	GlobalSection(SolutionProperties) = preSolution
		HideSolutionNode = FALSE
	EndGlobalSection
	GlobalSection(ExtensibilityGlobals) = postSolution
		SolutionGuid = {E268F5F2-3DB6-4F8B-BE16-658BCF29E323}
	EndGlobalSection
EndGlobal
